{
    "_readme": [
        "This file locks the dependencies of your project to a known state",
        "Read more about it at https://getcomposer.org/doc/01-basic-usage.md#installing-dependencies",
        "This file is @generated automatically"
    ],
    "content-hash": "02ee14e82d9c6692fc3cddcaf8f8fd9f",
    "packages": [
        {
            "name": "leaflet/leaflet",
            "version": "1.3.1",
            "source": {
                "type": "git",
                "url": "https://github.com/aissasell/leaflet.git",
                "reference": "be78f50a3d43402ff609aaef0874b5a5edd8402f"
            },
            "dist": {
                "type": "zip",
                "url": "https://api.github.com/repos/aissasell/leaflet/zipball/be78f50a3d43402ff609aaef0874b5a5edd8402f",
                "reference": "be78f50a3d43402ff609aaef0874b5a5edd8402f",
                "shasum": ""
            },
            "type": "library",
            "notification-url": "https://packagist.org/downloads/",
            "license": [
                "BSD-2-Clause"
            ],
            "description": "an open-source JavaScript library for mobile-friendly interactive maps",
            "time": "2018-02-16T18:08:08+00:00"
        }
    ],
    "packages-dev": [],
    "aliases": [],
    "minimum-stability": "stable",
    "stability-flags": [],
    "prefer-stable": false,
    "prefer-lowest": false,
    "platform": [],
    "platform-dev": []
}
